
Microsoft Visual Studio Solution File, Format Version 12.00
# Visual Studio 15
VisualStudioVersion = 15.0.26430.16
MinimumVisualStudioVersion = 10.0.40219.1
Project("{FAE04EC0-301F-11D3-BF4B-00C04F79EFBC}") = "Citric Composer", "Citric Composer\Citric Composer.csproj", "{B7552A54-24E9-4BF9-B7E0-547ABB7C2BC3}"
EndProject
Global
	GlobalSection(SolutionConfigurationPlatforms) = preSolution
		Debug|Any CPU = Debug|Any CPU
		Release|Any CPU = Release|Any CPU
	EndGlobalSection
	GlobalSection(ProjectConfigurationPlatforms) = postSolution
		{B7552A54-24E9-4BF9-B7E0-547ABB7C2BC3}.Debug|Any CPU.ActiveCfg = Debug|Any CPU
		{B7552A54-24E9-4BF9-B7E0-547ABB7C2BC3}.Debug|Any CPU.Build.0 = Debug|Any CPU
		{B7552A54-24E9-4BF9-B7E0-547ABB7C2BC3}.Release|Any CPU.ActiveCfg = Release|Any CPU
		{B7552A54-24E9-4BF9-B7E0-547ABB7C2BC3}.Release|Any CPU.Build.0 = Release|Any CPU
	EndGlobalSection
	GlobalSection(SolutionProperties) = preSolution
		HideSolutionNode = FALSE
	EndGlobalSection
EndGlobal
