
Microsoft Visual Studio Solution File, Format Version 12.00
# Visual Studio 15
VisualStudioVersion = 15.0.27428.2015
MinimumVisualStudioVersion = 10.0.40219.1
Project("{FAE04EC0-301F-11D3-BF4B-00C04F79EFBC}") = "Retsuko Sound Tool", "Retsuko Sound Tool\Retsuko Sound Tool.csproj", "{9E21BF9E-D151-4F64-B9BC-4B15B853EE21}"
EndProject
Global
	GlobalSection(SolutionConfigurationPlatforms) = preSolution
		Debug|Any CPU = Debug|Any CPU
		Release|Any CPU = Release|Any CPU
	EndGlobalSection
	GlobalSection(ProjectConfigurationPlatforms) = postSolution
		{9E21BF9E-D151-4F64-B9BC-4B15B853EE21}.Debug|Any CPU.ActiveCfg = Debug|Any CPU
		{9E21BF9E-D151-4F64-B9BC-4B15B853EE21}.Debug|Any CPU.Build.0 = Debug|Any CPU
		{9E21BF9E-D151-4F64-B9BC-4B15B853EE21}.Release|Any CPU.ActiveCfg = Release|Any CPU
		{9E21BF9E-D151-4F64-B9BC-4B15B853EE21}.Release|Any CPU.Build.0 = Release|Any CPU
	EndGlobalSection
	GlobalSection(SolutionProperties) = preSolution
		HideSolutionNode = FALSE
	EndGlobalSection
	GlobalSection(ExtensibilityGlobals) = postSolution
		SolutionGuid = {DF4F97F4-5AAA-4E60-B147-308AD263B796}
	EndGlobalSection
EndGlobal
